version = 1
revision = 3
requires-python = "<=3.12"
resolution-markers = [
    "python_full_version >= '3.10'",
    "python_full_version == '3.9.*'",
    "python_full_version == '3.8.*'",
    "python_full_version == '3.7.*'",
    "python_full_version == '3.6.*'",
    "python_full_version >= '2.7' and python_full_version < '3.6'",
    "python_full_version > '2.6' and python_full_version < '2.7'",
    "python_full_version == '2.6'",
    "python_full_version < '2.6'",
]

[[package]]
name = "cassandra-driver"
version = "3.29.2"
source = { registry = "https://pypi.org/simple" }
resolution-markers = [
    "python_full_version == '3.6.*'",
    "python_full_version >= '2.7' and python_full_version < '3.6'",
    "python_full_version > '2.6' and python_full_version < '2.7'",
    "python_full_version == '2.6'",
    "python_full_version < '2.6'",
]
dependencies = [
    { name = "geomet", version = "0.2.0.post2", source = { registry = "https://pypi.org/simple" }, marker = "python_full_version <= '2.6'" },
    { name = "geomet", version = "0.2.1.post1", source = { registry = "https://pypi.org/simple" }, marker = "python_full_version > '2.6' and python_full_version < '3.7'" },
]
sdist = { url = "https://files.pythonhosted.org/packages/b2/6f/d25121afaa2ea0741d05d2e9921a7ca9b4ce71634b16a8aaee21bd7af818/cassandra-driver-3.29.2.tar.gz", hash = "sha256:c4310a7d0457f51a63fb019d8ef501588c491141362b53097fbc62fa06559b7c", size = 293752, upload-time = "2024-09-10T02:20:46.689Z" }
wheels = [
    { url = "https://files.pythonhosted.org/packages/54/b4/d5da6b2e82abc8b1d9f93bbc633441a51098bb183aaf2c0481162e17fffe/cassandra_driver-3.29.2-cp310-cp310-macosx_10_9_x86_64.whl", hash = "sha256:957208093ff2353230d0d83edf8c8e8582e4f2999d9a33292be6558fec943562", size = 363775, upload-time = "2024-09-10T02:19:21.978Z" },
    { url = "https://files.pythonhosted.org/packages/f4/6d/366346a652f8523c26307846ec5c59e93fdfeee28e67078d68a07fcb2da2/cassandra_driver-3.29.2-cp310-cp310-macosx_11_0_arm64.whl", hash = "sha256:d70353b6d9d6e01e2b261efccfe90ce0aa6f416588e6e626ca2ed0aff6b540cf", size = 364096, upload-time = "2024-09-10T02:19:24.089Z" },
    { url = "https://files.pythonhosted.org/packages/cc/60/f8de88175937481be98da88eb88b4fd704093e284e5907775293c496df32/cassandra_driver-3.29.2-cp310-cp310-manylinux_2_17_aarch64.manylinux2014_aarch64.whl", hash = "sha256:06ad489e4df2cc7f41d3aca8bd8ddeb8071c4fb98240ed07f1dcd9b5180fd879", size = 3660567, upload-time = "2024-09-10T02:19:27.874Z" },
    { url = "https://files.pythonhosted.org/packages/3b/3a/354db5ac8349ba5dd9827f43c2436221387368f48db50b030ded8cdf91ea/cassandra_driver-3.29.2-cp310-cp310-manylinux_2_17_x86_64.manylinux2014_x86_64.whl", hash = "sha256:e7f1dfa33c3d93350057d6dc163bb92748b6e6a164c408c75cf2c59be0a203b7", size = 3948499, upload-time = "2024-09-10T02:19:35.503Z" },
    { url = "https://files.pythonhosted.org/packages/a5/bd/7c62675d722f99097934675468636fdabd42b1e418e9fc567562ee2142d7/cassandra_driver-3.29.2-cp310-cp310-win32.whl", hash = "sha256:f9df1e6ae4201eb2eae899cb0649d46b3eb0843f075199b51360bc9d59679a31", size = 340917, upload-time = "2024-09-10T02:19:37.652Z" },
    { url = "https://files.pythonhosted.org/packages/18/fa/9c73f0d416167097db871dd46e09a327a138b264774e3dbed5159a8ebdd2/cassandra_driver-3.29.2-cp310-cp310-win_amd64.whl", hash = "sha256:c4a005bc0b4fd8b5716ad931e1cc788dbd45967b0bcbdc3dfde33c7f9fde40d4", size = 348622, upload-time = "2024-09-10T02:19:39.913Z" },
    { url = "https://files.pythonhosted.org/packages/d8/aa/d332d2e10585772e9a4703d524fc818613e7301527a1534f22022b02e9ab/cassandra_driver-3.29.2-cp311-cp311-macosx_10_9_x86_64.whl", hash = "sha256:e31cee01a6fc8cf7f32e443fa0031bdc75eed46126831b7a807ab167b4dc1316", size = 363772, upload-time = "2024-09-10T02:19:41.916Z" },
    { url = "https://files.pythonhosted.org/packages/f8/26/adc5beac60c373733569868ee1843691fae5d9d8cd07a4907e7c4a55bdaa/cassandra_driver-3.29.2-cp311-cp311-macosx_11_0_arm64.whl", hash = "sha256:52edc6d4bd7d07b10dc08b7f044dbc2ebe24ad7009c23a65e0916faed1a34065", size = 364100, upload-time = "2024-09-10T02:19:43.412Z" },
    { url = "https://files.pythonhosted.org/packages/dc/9b/af6cc4ba2cd56773e9f47ee93c2afca374c4a6ee62eaf6890ae65176cd16/cassandra_driver-3.29.2-cp311-cp311-manylinux_2_17_aarch64.manylinux2014_aarch64.whl", hash = "sha256:eb3a9f24fc84324d426a69dc35df66de550833072a4d9a4d63d72fda8fcaecb9", size = 3643143, upload-time = "2024-09-10T02:19:47.932Z" },
    { url = "https://files.pythonhosted.org/packages/fd/03/85a1bcfb463896c5391b9b3315f7d9536b0402afdcab78c793911765c99b/cassandra_driver-3.29.2-cp311-cp311-manylinux_2_17_x86_64.manylinux2014_x86_64.whl", hash = "sha256:1e89de04809d02bb1d5d03c0946a7baaaf85e93d7e6414885b4ea2616efe9de0", size = 3920657, upload-time = "2024-09-10T02:19:52.524Z" },
    { url = "https://files.pythonhosted.org/packages/17/3f/480af48ce578970b97878990ac3a44d07e185ddb04057660f54f393fea05/cassandra_driver-3.29.2-cp311-cp311-win32.whl", hash = "sha256:7104e5043e9cc98136d7fafe2418cbc448dacb4e1866fe38ff5be76f227437ef", size = 340920, upload-time = "2024-09-10T02:19:54.623Z" },
    { url = "https://files.pythonhosted.org/packages/86/57/63654b85a2e4fa3af6afa8e883fdad658cba9d7565d098ac281a358abf8c/cassandra_driver-3.29.2-cp311-cp311-win_amd64.whl", hash = "sha256:69aa53f1bdb23487765faa92eef57366637878eafc412f46af999e722353b22f", size = 348625, upload-time = "2024-09-10T02:19:56.164Z" },
    { url = "https://files.pythonhosted.org/packages/4d/8f/dae609997c9f91bd4d7885c528a0aa9263963bbb2af5cb32483e1feb1d70/cassandra_driver-3.29.2-cp312-cp312-macosx_10_9_x86_64.whl", hash = "sha256:a1e994a82b2e6ab022c5aec24e03ad49fca5f3d47e566a145de34eb0e768473a", size = 363852, upload-time = "2024-09-10T02:19:57.646Z" },
    { url = "https://files.pythonhosted.org/packages/a0/a8/eee54de5b4dacf23a619b6e4fa9baa1e0e989ee5afa55ac86994640c3d4a/cassandra_driver-3.29.2-cp312-cp312-macosx_11_0_arm64.whl", hash = "sha256:2039201ae5d9b7c7ce0930af7138d2637ca16a4c7aaae2fbdd4355fbaf3003c5", size = 364053, upload-time = "2024-09-10T02:19:59.049Z" },
    { url = "https://files.pythonhosted.org/packages/7b/49/fe8e3a317082cf6372da88648083ce0d6c12066c8e6db8f229c771771a71/cassandra_driver-3.29.2-cp312-cp312-manylinux_2_17_aarch64.manylinux2014_aarch64.whl", hash = "sha256:8067fad22e76e250c3846507d804f90b53e943bba442fa1b26583bcac692aaf1", size = 3318096, upload-time = "2024-09-10T02:20:02.698Z" },
    { url = "https://files.pythonhosted.org/packages/fb/01/703dd0bdfe694fa320863e70472c0adda25fbccb2bcb92076e9773ad96cd/cassandra_driver-3.29.2-cp312-cp312-manylinux_2_17_x86_64.manylinux2014_x86_64.whl", hash = "sha256:ee0ebe8eb4fb007d8001ffcd1c3828b74defeb01075d8a1f1116ae9c60f75541", size = 3597748, upload-time = "2024-09-10T02:20:06.738Z" },
    { url = "https://files.pythonhosted.org/packages/d3/b7/723d67d84016bf913b59826f43dd9288cf8593a514c0f9650d703748a369/cassandra_driver-3.29.2-cp312-cp312-win32.whl", hash = "sha256:83dc9399cdabe482fd3095ca54ec227212d8c491b563a7276f6c100e30ee856c", size = 340921, upload-time = "2024-09-10T02:20:08.7Z" },
    { url = "https://files.pythonhosted.org/packages/4d/49/89dcb4f4522b5c72fbd7216cae6e23bf26586728be13fb13685ea4ee1149/cassandra_driver-3.29.2-cp312-cp312-win_amd64.whl", hash = "sha256:6c74610f56a4c53863a5d44a2af9c6c3405da19d51966fabd85d7f927d5c6abc", size = 348681, upload-time = "2024-09-10T02:20:10.747Z" },
    { url = "https://files.pythonhosted.org/packages/ea/57/08de2bac1fc8b7444e4225d323b65502f9a6eafa9502efec8ef637497df6/cassandra_driver-3.29.2-cp38-cp38-macosx_10_9_x86_64.whl", hash = "sha256:c86b0a796ff67d66de7df5f85243832a4dc853217f6a3eade84694f6f4fae151", size = 363767, upload-time = "2024-09-10T02:20:12.413Z" },
    { url = "https://files.pythonhosted.org/packages/8e/01/cab3ed5ea673ad75d36ae07ee4da7e2d1824327aad385cc0f8e604e5279a/cassandra_driver-3.29.2-cp38-cp38-macosx_11_0_arm64.whl", hash = "sha256:c53700b0d1f8c1d777eaa9e9fb6d17839d9a83f27a61649e0cbaa15d9d3df34b", size = 364087, upload-time = "2024-09-10T02:20:13.85Z" },
    { url = "https://files.pythonhosted.org/packages/84/d4/ead67a0e7150fd2411945e6f407f12ecffb06e2a651a0d321f14e4c0eb2b/cassandra_driver-3.29.2-cp38-cp38-manylinux_2_17_aarch64.manylinux2014_aarch64.whl", hash = "sha256:7d348c769aa6c37919e7d6247e8cf09c23d387b7834a340408bd7d611f174d80", size = 3823723, upload-time = "2024-09-10T02:20:19.245Z" },
    { url = "https://files.pythonhosted.org/packages/20/d9/dd49105eb54776dc6ac96931e9338ed6404be10f502f476f92319585b8b0/cassandra_driver-3.29.2-cp38-cp38-manylinux_2_17_x86_64.manylinux2014_x86_64.whl", hash = "sha256:a8c496318e3c136cf12ab21e1598fee4b48ea1c71746ea8cc9d32e4dcd09cb93", size = 4111456, upload-time = "2024-09-10T02:20:24.572Z" },
    { url = "https://files.pythonhosted.org/packages/4e/ba/5839eb252c053b4bb4723699f3317890a0a4d83776181278bbe5381cb439/cassandra_driver-3.29.2-cp38-cp38-win32.whl", hash = "sha256:d180183451bec81c15e0441fa37a63dc52c6489e860e832cadd854373b423141", size = 340915, upload-time = "2024-09-10T02:20:26.305Z" },
    { url = "https://files.pythonhosted.org/packages/ab/48/ede8086e69e12c5ff3a320aae5f00cc071483bd771c52f450969068766bf/cassandra_driver-3.29.2-cp38-cp38-win_amd64.whl", hash = "sha256:a66b20c421d8fb21f18bd0ac713de6f09c5c25b6ab3d6043c3779b9c012d7c98", size = 348643, upload-time = "2024-09-10T02:20:28.376Z" },
    { url = "https://files.pythonhosted.org/packages/09/f2/beb22f1416c13a3f19acb8b1d42d72c75e3bf4b5eb20ad28c94c4da994de/cassandra_driver-3.29.2-cp39-cp39-macosx_10_9_x86_64.whl", hash = "sha256:70d4d0dce373943308ad461a425fc70a23d0f524859367b8c6fc292400f39954", size = 363773, upload-time = "2024-09-10T02:20:31.011Z" },
    { url = "https://files.pythonhosted.org/packages/07/4e/01d207c651184c8d3e938385114dde38a761629fe5659d98b98906030fce/cassandra_driver-3.29.2-cp39-cp39-macosx_11_0_arm64.whl", hash = "sha256:b86427fab4d5a96e91ad82bb9338d4101ae4d3758ba96c356e0198da3de4d350", size = 364088, upload-time = "2024-09-10T02:20:32.647Z" },
    { url = "https://files.pythonhosted.org/packages/ee/06/2b0142ebbebfe2ad020595e28a552e31429f450ddd1dba29e7f8272b533b/cassandra_driver-3.29.2-cp39-cp39-manylinux_2_17_aarch64.manylinux2014_aarch64.whl", hash = "sha256:c25b42e1a99f377a933d79ae93ea27601e337a5abb7bb843a0e951cf1b3836f7", size = 3835223, upload-time = "2024-09-10T02:20:36.451Z" },
    { url = "https://files.pythonhosted.org/packages/bd/6b/230a74e2064701f1409ab68b00d79f613cb9b5412e7b8d6b3ce8871184b5/cassandra_driver-3.29.2-cp39-cp39-manylinux_2_17_x86_64.manylinux2014_x86_64.whl", hash = "sha256:9e36437288d6cd6f6c74b8ee5997692126e24adc2da3d031dc11c7dfea8bc220", size = 4108665, upload-time = "2024-09-10T02:20:41.282Z" },
    { url = "https://files.pythonhosted.org/packages/fb/30/b07d879f44524b85e2887f4fe7868f495f72f93bdfff017197f0cc695d2f/cassandra_driver-3.29.2-cp39-cp39-win32.whl", hash = "sha256:e967c1341a651f03bdc466f3835d72d3c0a0648b562035e6d780fa0b796c02f6", size = 340915, upload-time = "2024-09-10T02:20:42.936Z" },
    { url = "https://files.pythonhosted.org/packages/be/52/def64fd66c7e75ae71c9ff4f16750e0a46221d09dc93823f1dcfb7fc9c23/cassandra_driver-3.29.2-cp39-cp39-win_amd64.whl", hash = "sha256:c5a9aab2367e8aad48ae853847a5a8985749ac5f102676de2c119b33fef13b42", size = 348646, upload-time = "2024-09-10T02:20:44.892Z" },
]

[[package]]
name = "cassandra-driver"
version = "3.29.3"
source = { registry = "https://pypi.org/simple" }
resolution-markers = [
    "python_full_version >= '3.10'",
    "python_full_version == '3.9.*'",
    "python_full_version == '3.8.*'",
    "python_full_version == '3.7.*'",
]
dependencies = [
    { name = "geomet", version = "1.1.0", source = { registry = "https://pypi.org/simple" }, marker = "python_full_version >= '3.7'" },
]
sdist = { url = "https://files.pythonhosted.org/packages/06/47/4e0fbdf02a7a418997f16f59feba26937d9973b979d3f23d79fbd8f6186f/cassandra_driver-3.29.3.tar.gz", hash = "sha256:ff6b82ee4533f6fd4474d833e693b44b984f58337173ee98ed76bce08721a636", size = 294612, upload-time = "2025-10-22T15:15:01.335Z" }
wheels = [
    { url = "https://files.pythonhosted.org/packages/70/04/ddc400299c2279c9f83c952268b312e36ef40e68049923b84c290e1fbb02/cassandra_driver-3.29.3-cp310-cp310-macosx_10_9_x86_64.whl", hash = "sha256:96ad742f5cbfb771df512959ab5de36e248ce9aa2c487fd81c37d5c0a627c094", size = 364299, upload-time = "2025-10-22T15:14:19.908Z" },
    { url = "https://files.pythonhosted.org/packages/36/3b/8a02505dec925b8336cc06c6bcaa41272d884ea6262a0344c44c6d66ff8f/cassandra_driver-3.29.3-cp310-cp310-macosx_11_0_arm64.whl", hash = "sha256:c935431682557ffcd3efc1c7bcb01b0f6769a1c90751a7154d5e3c905a6a2042", size = 364911, upload-time = "2025-10-22T15:14:21.805Z" },
    { url = "https://files.pythonhosted.org/packages/73/32/fecd1245df5ef95cf2c8fbaaf37f2714b685eaf913c6894ef52cf6469a09/cassandra_driver-3.29.3-cp310-cp310-manylinux2014_aarch64.manylinux_2_17_aarch64.manylinux_2_28_aarch64.whl", hash = "sha256:54afde4aaa5b55fbc2c075e1c55fb14a5739459428f3bb81f849ad020f7d5bcf", size = 374313, upload-time = "2025-10-22T15:14:23.246Z" },
    { url = "https://files.pythonhosted.org/packages/8e/47/b238acf157920745252f580bf121cf1ff8b1584acc88ce0e4df5355bf67d/cassandra_driver-3.29.3-cp310-cp310-manylinux2014_x86_64.manylinux_2_17_x86_64.manylinux_2_28_x86_64.whl", hash = "sha256:7552fb7189acd06161f8feac7045a387dc9e03b3b9f7dcb5675178906cee792e", size = 374250, upload-time = "2025-10-22T15:14:24.728Z" },
    { url = "https://files.pythonhosted.org/packages/14/af/6c6097804c91deb3f20ab5741e642a5624e7b13e4be9adfd5914d6b0634d/cassandra_driver-3.29.3-cp310-cp310-win32.whl", hash = "sha256:891a1b6a111a591ad9f1c9e088846848dc9e6be030a6086c8c3aa5d2d837f266", size = 341529, upload-time = "2025-10-22T15:14:26.219Z" },
    { url = "https://files.pythonhosted.org/packages/95/7a/2c2262184bd671f71e2cbbd9a2ec9254e79c5f0730bdaf6ed919b280f907/cassandra_driver-3.29.3-cp310-cp310-win_amd64.whl", hash = "sha256:29fc241475801872dc27c3dd1a3976373536223dd4fd1c01868ff86bdbbfd48b", size = 349178, upload-time = "2025-10-22T15:14:27.686Z" },
    { url = "https://files.pythonhosted.org/packages/69/5d/03af94c5f0da81c6d5e476b781151c3895e7734b30e819e1934601dda7f7/cassandra_driver-3.29.3-cp311-cp311-macosx_10_9_x86_64.whl", hash = "sha256:0785f6e0986089e922378ae3b64b5f696440aeb595fb84c2cf3ccef220c6ae91", size = 364328, upload-time = "2025-10-22T15:14:28.962Z" },
    { url = "https://files.pythonhosted.org/packages/bb/27/01bff47c47a4e3553f00399f21630916258ed84e0b22f249f6dcc538ad20/cassandra_driver-3.29.3-cp311-cp311-macosx_11_0_arm64.whl", hash = "sha256:1c241ba08473baf31a333feb59793190d01625541c2368d3bbb0f43a586f1d6a", size = 364948, upload-time = "2025-10-22T15:14:30.439Z" },
    { url = "https://files.pythonhosted.org/packages/e5/c8/60b8dde74270c15a77b417462344cbee827a752439434a50f6ecd0aceca4/cassandra_driver-3.29.3-cp311-cp311-manylinux2014_aarch64.manylinux_2_17_aarch64.manylinux_2_28_aarch64.whl", hash = "sha256:064bf45d3ca87239e11168c0110676fc64f7fdbddb4bcba9be787b8ad5f6d734", size = 374346, upload-time = "2025-10-22T15:14:31.628Z" },
    { url = "https://files.pythonhosted.org/packages/47/f6/19828944af2333a1740f22eac9496e760c16df9aa04922ee472c35cdcc9d/cassandra_driver-3.29.3-cp311-cp311-manylinux2014_x86_64.manylinux_2_17_x86_64.manylinux_2_28_x86_64.whl", hash = "sha256:5f9858b5ccdf75dd89c20d74474b59dd3a2e2f86c7251b310011c46acdef3874", size = 374276, upload-time = "2025-10-22T15:14:33.135Z" },
    { url = "https://files.pythonhosted.org/packages/2a/e3/09d9f33a35d69523991c4c487c2d0bb62882a9a31253d504fa8edb198521/cassandra_driver-3.29.3-cp311-cp311-win32.whl", hash = "sha256:84b24f69a7bbe76302330d47422a7fcc1998a6a96ffd414a795d7d95992b49cb", size = 341532, upload-time = "2025-10-22T15:14:34.795Z" },
    { url = "https://files.pythonhosted.org/packages/be/0f/ec3dc7942a50c8e3e874059b893c429c59dd0e3dfa68065295cf5814a890/cassandra_driver-3.29.3-cp311-cp311-win_amd64.whl", hash = "sha256:26013d768b2ea4728c09144b08c0eb86ad692e85cb15f4e52e3107abca83683c", size = 349183, upload-time = "2025-10-22T15:14:36.214Z" },
    { url = "https://files.pythonhosted.org/packages/30/cd/c94b06c8a63792aee3858fded79ec7c7a48df6967ca01ba53522fd6b54ad/cassandra_driver-3.29.3-cp312-cp312-macosx_10_13_x86_64.whl", hash = "sha256:7a2f371af54cd1d153ef373a733889ebfbcc9c30e00429fc12a2569bad9239e1", size = 364459, upload-time = "2025-10-22T15:14:37.424Z" },
    { url = "https://files.pythonhosted.org/packages/be/9a/13a207f7b5e39720e8a0a7080dcf7d0eea97a8644527b4983a299a1a6b88/cassandra_driver-3.29.3-cp312-cp312-macosx_11_0_arm64.whl", hash = "sha256:3f654b01d8d49f68deedfaff1edcff314e3103d29130b2a034df6c490c522351", size = 365067, upload-time = "2025-10-22T15:14:38.643Z" },
    { url = "https://files.pythonhosted.org/packages/ef/31/1c03cf0f08d48cf5d3184d5e8383870153baaf7770a6c0e5f5e88f755f4d/cassandra_driver-3.29.3-cp312-cp312-manylinux2014_aarch64.manylinux_2_17_aarch64.manylinux_2_28_aarch64.whl", hash = "sha256:facd488c2b9be8bffcad5903566581e96d2863d2ec4bcad7f114d1b2b2f39ad0", size = 374565, upload-time = "2025-10-22T15:14:40.394Z" },
    { url = "https://files.pythonhosted.org/packages/43/44/8b0edc9ee39b40d42e6eb612059965019be3c9271717e0575e43db9a6e9c/cassandra_driver-3.29.3-cp312-cp312-manylinux2014_x86_64.manylinux_2_17_x86_64.manylinux_2_28_x86_64.whl", hash = "sha256:572bd5a01089ab92da12f4f52b32b878547bbc544a798d8cfd042e7fc2601c75", size = 374427, upload-time = "2025-10-22T15:14:41.547Z" },
    { url = "https://files.pythonhosted.org/packages/f2/0a/001f8c9243a4d8fb609b27c8f95af251ef7d3bf4b156c93839fe66b7d1b2/cassandra_driver-3.29.3-cp312-cp312-win32.whl", hash = "sha256:63adca0f9219be3fe8789f4aa7b77c5f6a7bf65d6442959db52c653140ca4185", size = 341534, upload-time = "2025-10-22T15:14:42.994Z" },
    { url = "https://files.pythonhosted.org/packages/0d/49/775b7be48193510e2855703e6b050f733a51b3d65b29869f946011f7323d/cassandra_driver-3.29.3-cp312-cp312-win_amd64.whl", hash = "sha256:9b7032b44769c454e96aa11483bfd167a87ea341268f1075b0ff84f780c910a9", size = 349257, upload-time = "2025-10-22T15:14:44.199Z" },
    { url = "https://files.pythonhosted.org/packages/0c/f1/1b9fc0f15181adb273f5a0fee9d699a6e58c5e102dfcc81e207cb027e8e0/cassandra_driver-3.29.3-cp39-cp39-macosx_10_9_x86_64.whl", hash = "sha256:281f67af1b8df88741eef551afbb49f78e4f366a7ab23e7060a1f0d6ba655752", size = 364317, upload-time = "2025-10-22T15:14:53.829Z" },
    { url = "https://files.pythonhosted.org/packages/03/12/609e9bb6f3a216b30a296e22b438aca9ae15ff44932e75f898fd12631ace/cassandra_driver-3.29.3-cp39-cp39-macosx_11_0_arm64.whl", hash = "sha256:158f7e5cb894a76a592aa0ca659a8e7c2a57ef603e04c07bbbc289a70e9ac893", size = 364892, upload-time = "2025-10-22T15:14:55.079Z" },
    { url = "https://files.pythonhosted.org/packages/ca/cf/53c4c1c6f7ab3d885856ff638af004f9ed8d44de2d7491f480cdf4a04ddf/cassandra_driver-3.29.3-cp39-cp39-manylinux2014_aarch64.manylinux_2_17_aarch64.manylinux_2_28_aarch64.whl", hash = "sha256:fcf45725ae1751cb934b9b827a7d9cd899bbd09eb1ad28e2160b4584de35ba77", size = 374302, upload-time = "2025-10-22T15:14:56.278Z" },
    { url = "https://files.pythonhosted.org/packages/f1/77/370ab5091292610199464ceeec669ac886a29f30cdc291dd6d52068b2683/cassandra_driver-3.29.3-cp39-cp39-manylinux2014_x86_64.manylinux_2_17_x86_64.manylinux_2_28_x86_64.whl", hash = "sha256:9abedc832e9a6636741299aae46c032d8c1248b507d8cebbaa2f48ec202904bc", size = 374259, upload-time = "2025-10-22T15:14:57.516Z" },
    { url = "https://files.pythonhosted.org/packages/96/f8/f804b77fb173ea873fbaeef89d669e6f27b08a3bf16ec2fad146a3046ffe/cassandra_driver-3.29.3-cp39-cp39-win32.whl", hash = "sha256:2cb72808dfc46c40a6ee352ace181ce3170adde1cfd1447da91709a8cf482e20", size = 341526, upload-time = "2025-10-22T15:14:58.624Z" },
    { url = "https://files.pythonhosted.org/packages/1d/bb/ce5767ee6e3f146042cc1cdd0e440c7ff757c3ccd93bab161817e5a85649/cassandra_driver-3.29.3-cp39-cp39-win_amd64.whl", hash = "sha256:e1d09691d757f5b1900a98cc3b6cc7d8506683a2188c01eca86545f91edbbaf5", size = 349204, upload-time = "2025-10-22T15:15:00.019Z" },
]

[[package]]
name = "click"
version = "6.7"
source = { registry = "https://pypi.org/simple" }
resolution-markers = [
    "python_full_version > '2.6' and python_full_version < '2.7'",
    "python_full_version == '2.6'",
    "python_full_version < '2.6'",
]
sdist = { url = "https://files.pythonhosted.org/packages/95/d9/c3336b6b5711c3ab9d1d3a80f1a3e2afeb9d8c02a7166462f6cc96570897/click-6.7.tar.gz", hash = "sha256:f15516df478d5a56180fbf80e68f206010e6d160fc39fa508b65e035fd75130b", size = 279019, upload-time = "2017-01-06T22:41:13.209Z" }
wheels = [
    { url = "https://files.pythonhosted.org/packages/34/c1/8806f99713ddb993c5366c362b2f908f18269f8d792aff1abfd700775a77/click-6.7-py2.py3-none-any.whl", hash = "sha256:29f99fc6125fbc931b758dc053b3114e55c77a6e4c6c3a2674a2dc986016381d", size = 71175, upload-time = "2017-01-06T22:41:15.466Z" },
]

[[package]]
name = "click"
version = "7.1.2"
source = { registry = "https://pypi.org/simple" }
resolution-markers = [
    "python_full_version >= '2.7' and python_full_version < '3.6'",
]
sdist = { url = "https://files.pythonhosted.org/packages/27/6f/be940c8b1f1d69daceeb0032fee6c34d7bd70e3e649ccac0951500b4720e/click-7.1.2.tar.gz", hash = "sha256:d2b5255c7c6349bc1bd1e59e08cd12acbbd63ce649f2588755783aa94dfb6b1a", size = 297279, upload-time = "2020-04-27T20:22:45.014Z" }
wheels = [
    { url = "https://files.pythonhosted.org/packages/d2/3d/fa76db83bf75c4f8d338c2fd15c8d33fdd7ad23a9b5e57eb6c5de26b430e/click-7.1.2-py2.py3-none-any.whl", hash = "sha256:dacca89f4bfadd5de3d7489b7c8a566eee0d3676333fbb50030263894c38c0dc", size = 82780, upload-time = "2020-04-27T20:22:42.629Z" },
]

[[package]]
name = "click"
version = "8.0.4"
source = { registry = "https://pypi.org/simple" }
resolution-markers = [
    "python_full_version == '3.6.*'",
]
dependencies = [
    { name = "colorama", marker = "python_full_version == '3.6.*' and sys_platform == 'win32'" },
    { name = "importlib-metadata", version = "4.8.3", source = { registry = "https://pypi.org/simple" }, marker = "python_full_version == '3.6.*'" },
]
sdist = { url = "https://files.pythonhosted.org/packages/dd/cf/706c1ad49ab26abed0b77a2f867984c1341ed7387b8030a6aa914e2942a0/click-8.0.4.tar.gz", hash = "sha256:8458d7b1287c5fb128c90e23381cf99dcde74beaf6c7ff6384ce84d6fe090adb", size = 329520, upload-time = "2022-02-18T20:31:30.105Z" }
wheels = [
    { url = "https://files.pythonhosted.org/packages/4a/a8/0b2ced25639fb20cc1c9784de90a8c25f9504a7f18cd8b5397bd61696d7d/click-8.0.4-py3-none-any.whl", hash = "sha256:6a7a62563bbfabfda3a38f3023a1db4a35978c0abd76f6c9605ecd6554d6d9b1", size = 97486, upload-time = "2022-02-18T20:31:27.733Z" },
]

[[package]]
name = "click"
version = "8.1.8"
source = { registry = "https://pypi.org/simple" }
resolution-markers = [
    "python_full_version == '3.9.*'",
    "python_full_version == '3.8.*'",
    "python_full_version == '3.7.*'",
]
dependencies = [
    { name = "colorama", marker = "python_full_version >= '3.7' and python_full_version < '3.10' and sys_platform == 'win32'" },
    { name = "importlib-metadata", version = "6.7.0", source = { registry = "https://pypi.org/simple" }, marker = "python_full_version == '3.7.*'" },
]
sdist = { url = "https://files.pythonhosted.org/packages/b9/2e/0090cbf739cee7d23781ad4b89a9894a41538e4fcf4c31dcdd705b78eb8b/click-8.1.8.tar.gz", hash = "sha256:ed53c9d8990d83c2a27deae68e4ee337473f6330c040a31d4225c9574d16096a", size = 226593, upload-time = "2024-12-21T18:38:44.339Z" }
wheels = [
    { url = "https://files.pythonhosted.org/packages/7e/d4/7ebdbd03970677812aac39c869717059dbb71a4cfc033ca6e5221787892c/click-8.1.8-py3-none-any.whl", hash = "sha256:63c132bbbed01578a06712a2d1f497bb62d9c1c0d329b7903a866228027263b2", size = 98188, upload-time = "2024-12-21T18:38:41.666Z" },
]

[[package]]
name = "click"
version = "8.3.1"
source = { registry = "https://pypi.org/simple" }
resolution-markers = [
    "python_full_version >= '3.10'",
]
dependencies = [
    { name = "colorama", marker = "python_full_version >= '3.10' and sys_platform == 'win32'" },
]
sdist = { url = "https://files.pythonhosted.org/packages/3d/fa/656b739db8587d7b5dfa22e22ed02566950fbfbcdc20311993483657a5c0/click-8.3.1.tar.gz", hash = "sha256:12ff4785d337a1bb490bb7e9c2b1ee5da3112e94a8622f26a6c77f5d2fc6842a", size = 295065, upload-time = "2025-11-15T20:45:42.706Z" }
wheels = [
    { url = "https://files.pythonhosted.org/packages/98/78/01c019cdb5d6498122777c1a43056ebb3ebfeef2076d9d026bfe15583b2b/click-8.3.1-py3-none-any.whl", hash = "sha256:981153a64e25f12d547d3426c367a4857371575ee7ad18df2a6183ab0545b2a6", size = 108274, upload-time = "2025-11-15T20:45:41.139Z" },
]

[[package]]
name = "colorama"
version = "0.4.6"
source = { registry = "https://pypi.org/simple" }
sdist = { url = "https://files.pythonhosted.org/packages/d8/53/6f443c9a4a8358a93a6792e2acffb9d9d5cb0a5cfd8802644b7b1c9a02e4/colorama-0.4.6.tar.gz", hash = "sha256:08695f5cb7ed6e0531a20572697297273c47b8cae5a63ffc6d6ed5c201be6e44", size = 27697, upload-time = "2022-10-25T02:36:22.414Z" }
wheels = [
    { url = "https://files.pythonhosted.org/packages/d1/d6/3965ed04c63042e047cb6a3e6ed1a63a35087b6a609aa3a15ed8ac56c221/colorama-0.4.6-py2.py3-none-any.whl", hash = "sha256:4f1d9991f5acc0ca119f9d443620b77f9d6b33703e51011c16baf57afb285fc6", size = 25335, upload-time = "2022-10-25T02:36:20.889Z" },
]

[[package]]
name = "cql-py-example"
version = "0.1.0"
source = { editable = "." }
dependencies = [
    { name = "cassandra-driver", version = "3.29.2", source = { registry = "https://pypi.org/simple" }, marker = "python_full_version < '3.7'" },
    { name = "cassandra-driver", version = "3.29.3", source = { registry = "https://pypi.org/simple" }, marker = "python_full_version >= '3.7'" },
]

[package.metadata]
requires-dist = [{ name = "cassandra-driver", specifier = ">=3.28" }]

[[package]]
name = "geomet"
version = "0.2.0.post2"
source = { registry = "https://pypi.org/simple" }
resolution-markers = [
    "python_full_version == '2.6'",
    "python_full_version < '2.6'",
]
dependencies = [
    { name = "click", version = "6.7", source = { registry = "https://pypi.org/simple" }, marker = "python_full_version <= '2.6'" },
    { name = "six", version = "1.11.0", source = { registry = "https://pypi.org/simple" }, marker = "python_full_version < '2.6'" },
    { name = "six", version = "1.13.0", source = { registry = "https://pypi.org/simple" }, marker = "python_full_version == '2.6'" },
]
sdist = { url = "https://files.pythonhosted.org/packages/51/bd/e2e720819bf23f6fd16ab3120875e7c10f8eb6047ce331cf023fc6ccfe37/geomet-0.2.0.post2.tar.gz", hash = "sha256:f5ea069d01afecaab0c66a1ca516e2716a64aeecfa65021d15bc3b1d9aaa35e4", size = 13751, upload-time = "2017-10-05T14:19:00.644Z" }

[[package]]
name = "geomet"
version = "0.2.1.post1"
source = { registry = "https://pypi.org/simple" }
resolution-markers = [
    "python_full_version == '3.6.*'",
    "python_full_version >= '2.7' and python_full_version < '3.6'",
    "python_full_version > '2.6' and python_full_version < '2.7'",
]
dependencies = [
    { name = "click", version = "6.7", source = { registry = "https://pypi.org/simple" }, marker = "python_full_version > '2.6' and python_full_version < '2.7'" },
    { name = "click", version = "7.1.2", source = { registry = "https://pypi.org/simple" }, marker = "python_full_version >= '2.7' and python_full_version < '3.6'" },
    { name = "click", version = "8.0.4", source = { registry = "https://pypi.org/simple" }, marker = "python_full_version == '3.6.*'" },
    { name = "six", version = "1.13.0", source = { registry = "https://pypi.org/simple" }, marker = "python_full_version > '2.6' and python_full_version < '2.7'" },
    { name = "six", version = "1.17.0", source = { registry = "https://pypi.org/simple" }, marker = "python_full_version >= '2.7' and python_full_version < '3.7'" },
]
sdist = { url = "https://files.pythonhosted.org/packages/cf/21/58251b3de99e0b5ba649ff511f7f9e8399c3059dd52a643774106e929afa/geomet-0.2.1.post1.tar.gz", hash = "sha256:91d754f7c298cbfcabd3befdb69c641c27fe75e808b27aa55028605761d17e95", size = 19728, upload-time = "2020-01-12T00:07:21.832Z" }
wheels = [
    { url = "https://files.pythonhosted.org/packages/c9/81/156ca48f950f833ddc392f8e3677ca50a18cb9d5db38ccb4ecea55a9303f/geomet-0.2.1.post1-py3-none-any.whl", hash = "sha256:a41a1e336b381416d6cbed7f1745c848e91defaa4d4c1bdc1312732e46ffad2b", size = 18462, upload-time = "2020-01-12T00:07:18.431Z" },
]

[[package]]
name = "geomet"
version = "1.1.0"
source = { registry = "https://pypi.org/simple" }
resolution-markers = [
    "python_full_version >= '3.10'",
    "python_full_version == '3.9.*'",
    "python_full_version == '3.8.*'",
    "python_full_version == '3.7.*'",
]
dependencies = [
    { name = "click", version = "8.1.8", source = { registry = "https://pypi.org/simple" }, marker = "python_full_version >= '3.7' and python_full_version < '3.10'" },
    { name = "click", version = "8.3.1", source = { registry = "https://pypi.org/simple" }, marker = "python_full_version >= '3.10'" },
]
sdist = { url = "https://files.pythonhosted.org/packages/2a/8c/dde022aa6747b114f6b14a7392871275dea8867e2bd26cddb80cc6d66620/geomet-1.1.0.tar.gz", hash = "sha256:51e92231a0ef6aaa63ac20c443377ba78a303fd2ecd179dc3567de79f3c11605", size = 28732, upload-time = "2023-11-14T15:43:36.764Z" }
wheels = [
    { url = "https://files.pythonhosted.org/packages/af/90/3bc780df088d439714af8295196a4332a26559ae66fd99865e36f92efa9e/geomet-1.1.0-py3-none-any.whl", hash = "sha256:4372fe4e286a34acc6f2e9308284850bd8c4aa5bc12065e2abbd4995900db12f", size = 31522, upload-time = "2023-11-14T15:43:35.305Z" },
]

[[package]]
name = "importlib-metadata"
version = "4.8.3"
source = { registry = "https://pypi.org/simple" }
resolution-markers = [
    "python_full_version == '3.6.*'",
]
dependencies = [
    { name = "typing-extensions", version = "4.1.1", source = { registry = "https://pypi.org/simple" }, marker = "python_full_version == '3.6.*'" },
    { name = "zipp", version = "3.6.0", source = { registry = "https://pypi.org/simple" }, marker = "python_full_version == '3.6.*'" },
]
sdist = { url = "https://files.pythonhosted.org/packages/85/ed/e65128cc5cb1580f22ee3009d9187ecdfcc43ffb3b581fe854b24e87d8e7/importlib_metadata-4.8.3.tar.gz", hash = "sha256:766abffff765960fcc18003801f7044eb6755ffae4521c8e8ce8e83b9c9b0668", size = 41979, upload-time = "2021-12-16T14:42:26.577Z" }
wheels = [
    { url = "https://files.pythonhosted.org/packages/a0/a1/b153a0a4caf7a7e3f15c2cd56c7702e2cf3d89b1b359d1f1c5e59d68f4ce/importlib_metadata-4.8.3-py3-none-any.whl", hash = "sha256:65a9576a5b2d58ca44d133c42a241905cc45e34d2c06fd5ba2bafa221e5d7b5e", size = 17978, upload-time = "2021-12-16T14:42:25.457Z" },
]

[[package]]
name = "importlib-metadata"
version = "6.7.0"
source = { registry = "https://pypi.org/simple" }
resolution-markers = [
    "python_full_version == '3.7.*'",
]
dependencies = [
    { name = "typing-extensions", version = "4.7.1", source = { registry = "https://pypi.org/simple" }, marker = "python_full_version == '3.7.*'" },
    { name = "zipp", version = "3.15.0", source = { registry = "https://pypi.org/simple" }, marker = "python_full_version == '3.7.*'" },
]
sdist = { url = "https://files.pythonhosted.org/packages/a3/82/f6e29c8d5c098b6be61460371c2c5591f4a335923639edec43b3830650a4/importlib_metadata-6.7.0.tar.gz", hash = "sha256:1aaf550d4f73e5d6783e7acb77aec43d49da8017410afae93822cc9cca98c4d4", size = 53569, upload-time = "2023-06-18T21:44:35.024Z" }
wheels = [
    { url = "https://files.pythonhosted.org/packages/ff/94/64287b38c7de4c90683630338cf28f129decbba0a44f0c6db35a873c73c4/importlib_metadata-6.7.0-py3-none-any.whl", hash = "sha256:cb52082e659e97afc5dac71e79de97d8681de3aa07ff18578330904a9d18e5b5", size = 22934, upload-time = "2023-06-18T21:44:33.441Z" },
]

[[package]]
name = "six"
version = "1.11.0"
source = { registry = "https://pypi.org/simple" }
resolution-markers = [
    "python_full_version < '2.6'",
]
sdist = { url = "https://files.pythonhosted.org/packages/16/d8/bc6316cf98419719bd59c91742194c111b6f2e85abac88e496adefaf7afe/six-1.11.0.tar.gz", hash = "sha256:70e8a77beed4562e7f14fe23a786b54f6296e34344c23bc42f07b15018ff98e9", size = 29860, upload-time = "2017-09-17T18:46:54.492Z" }
wheels = [
    { url = "https://files.pythonhosted.org/packages/67/4b/141a581104b1f6397bfa78ac9d43d8ad29a7ca43ea90a2d863fe3056e86a/six-1.11.0-py2.py3-none-any.whl", hash = "sha256:832dc0e10feb1aa2c68dcc57dbb658f1c7e65b9b61af69048abc87a2db00a0eb", size = 10702, upload-time = "2017-09-17T18:46:53.702Z" },
]

[[package]]
name = "six"
version = "1.13.0"
source = { registry = "https://pypi.org/simple" }
resolution-markers = [
    "python_full_version > '2.6' and python_full_version < '2.7'",
    "python_full_version == '2.6'",
]
sdist = { url = "https://files.pythonhosted.org/packages/94/3e/edcf6fef41d89187df7e38e868b2dd2182677922b600e880baad7749c865/six-1.13.0.tar.gz", hash = "sha256:30f610279e8b2578cab6db20741130331735c781b56053c59c4076da27f06b66", size = 33726, upload-time = "2019-11-05T17:28:36.181Z" }
wheels = [
    { url = "https://files.pythonhosted.org/packages/65/26/32b8464df2a97e6dd1b656ed26b2c194606c16fe163c695a992b36c11cdf/six-1.13.0-py2.py3-none-any.whl", hash = "sha256:1f1b7d42e254082a9db6279deae68afb421ceba6158efa6131de7b3003ee93fd", size = 10747, upload-time = "2019-11-05T17:28:34.35Z" },
]

[[package]]
name = "six"
version = "1.17.0"
source = { registry = "https://pypi.org/simple" }
resolution-markers = [
    "python_full_version == '3.6.*'",
    "python_full_version >= '2.7' and python_full_version < '3.6'",
]
sdist = { url = "https://files.pythonhosted.org/packages/94/e7/b2c673351809dca68a0e064b6af791aa332cf192da575fd474ed7d6f16a2/six-1.17.0.tar.gz", hash = "sha256:ff70335d468e7eb6ec65b95b99d3a2836546063f63acc5171de367e834932a81", size = 34031, upload-time = "2024-12-04T17:35:28.174Z" }
wheels = [
    { url = "https://files.pythonhosted.org/packages/b7/ce/149a00dd41f10bc29e5921b496af8b574d8413afcd5e30dfa0ed46c2cc5e/six-1.17.0-py2.py3-none-any.whl", hash = "sha256:4721f391ed90541fddacab5acf947aa0d3dc7d27b2e1e8eda2be8970586c3274", size = 11050, upload-time = "2024-12-04T17:35:26.475Z" },
]

[[package]]
name = "typing-extensions"
version = "4.1.1"
source = { registry = "https://pypi.org/simple" }
resolution-markers = [
    "python_full_version == '3.6.*'",
]
sdist = { url = "https://files.pythonhosted.org/packages/b1/5a/8b5fbb891ef3f81fc923bf3cb4a578c0abf9471eb50ce0f51c74212182ab/typing_extensions-4.1.1.tar.gz", hash = "sha256:1a9462dcc3347a79b1f1c0271fbe79e844580bb598bafa1ed208b94da3cdcd42", size = 26694, upload-time = "2022-02-14T03:19:57.426Z" }
wheels = [
    { url = "https://files.pythonhosted.org/packages/45/6b/44f7f8f1e110027cf88956b59f2fad776cca7e1704396d043f89effd3a0e/typing_extensions-4.1.1-py3-none-any.whl", hash = "sha256:21c85e0fe4b9a155d0799430b0ad741cdce7e359660ccbd8b530613e8df88ce2", size = 26844, upload-time = "2022-02-14T03:19:55.773Z" },
]

[[package]]
name = "typing-extensions"
version = "4.7.1"
source = { registry = "https://pypi.org/simple" }
resolution-markers = [
    "python_full_version == '3.7.*'",
]
sdist = { url = "https://files.pythonhosted.org/packages/3c/8b/0111dd7d6c1478bf83baa1cab85c686426c7a6274119aceb2bd9d35395ad/typing_extensions-4.7.1.tar.gz", hash = "sha256:b75ddc264f0ba5615db7ba217daeb99701ad295353c45f9e95963337ceeeffb2", size = 72876, upload-time = "2023-07-02T14:20:55.045Z" }
wheels = [
    { url = "https://files.pythonhosted.org/packages/ec/6b/63cc3df74987c36fe26157ee12e09e8f9db4de771e0f3404263117e75b95/typing_extensions-4.7.1-py3-none-any.whl", hash = "sha256:440d5dd3af93b060174bf433bccd69b0babc3b15b1a8dca43789fd7f61514b36", size = 33232, upload-time = "2023-07-02T14:20:53.275Z" },
]

[[package]]
name = "zipp"
version = "3.6.0"
source = { registry = "https://pypi.org/simple" }
resolution-markers = [
    "python_full_version == '3.6.*'",
]
sdist = { url = "https://files.pythonhosted.org/packages/02/bf/0d03dbdedb83afec081fefe86cae3a2447250ef1a81ac601a9a56e785401/zipp-3.6.0.tar.gz", hash = "sha256:71c644c5369f4a6e07636f0aa966270449561fcea2e3d6747b8d23efaa9d7832", size = 13047, upload-time = "2021-09-29T15:34:01.816Z" }
wheels = [
    { url = "https://files.pythonhosted.org/packages/bd/df/d4a4974a3e3957fd1c1fa3082366d7fff6e428ddb55f074bf64876f8e8ad/zipp-3.6.0-py3-none-any.whl", hash = "sha256:9fe5ea21568a0a70e50f273397638d39b03353731e6cbbb3fd8502a33fec40bc", size = 5313, upload-time = "2021-09-29T15:34:00.831Z" },
]

[[package]]
name = "zipp"
version = "3.15.0"
source = { registry = "https://pypi.org/simple" }
resolution-markers = [
    "python_full_version == '3.7.*'",
]
sdist = { url = "https://files.pythonhosted.org/packages/00/27/f0ac6b846684cecce1ee93d32450c45ab607f65c2e0255f0092032d91f07/zipp-3.15.0.tar.gz", hash = "sha256:112929ad649da941c23de50f356a2b5570c954b65150642bccdd66bf194d224b", size = 18454, upload-time = "2023-02-25T02:17:22.503Z" }
wheels = [
    { url = "https://files.pythonhosted.org/packages/5b/fa/c9e82bbe1af6266adf08afb563905eb87cab83fde00a0a08963510621047/zipp-3.15.0-py3-none-any.whl", hash = "sha256:48904fc76a60e542af151aded95726c1a5c34ed43ab4134b597665c86d7ad556", size = 6758, upload-time = "2023-02-25T02:17:20.807Z" },
]
